Microsoft Visual Studio Solution File, Format Version 12.00
# Visual Studio 15
Project("{8BC9CEB8-8B4A-11D0-8D11-00A0C91BC942}") = "ALL_BUILD", "ALL_BUILD.vcxproj", "{1CCC4188-6BEC-3D08-A53A-9EC8D1B41D78}"
	ProjectSection(ProjectDependencies) = postProject
		{546494D6-C079-3642-A2F1-6C148D151341} = {546494D6-C079-3642-A2F1-6C148D151341}
		{03B26E73-DDC1-374C-A1D6-481A7578826F} = {03B26E73-DDC1-374C-A1D6-481A7578826F}
		{A20204A5-464F-34EE-99C0-54BB5BCFB608} = {A20204A5-464F-34EE-99C0-54BB5BCFB608}
		{932F4C86-1276-3208-8EBC-B79EF4208A6F} = {932F4C86-1276-3208-8EBC-B79EF4208A6F}
		{6334D4F7-E527-3C25-A403-459E7374BC1F} = {6334D4F7-E527-3C25-A403-459E7374BC1F}
	EndProjectSection
EndProject
Project("{8BC9CEB8-8B4A-11D0-8D11-00A0C91BC942}") = "ZERO_CHECK", "ZERO_CHECK.vcxproj", "{546494D6-C079-3642-A2F1-6C148D151341}"
	ProjectSection(ProjectDependencies) = postProject
	EndProjectSection
EndProject
Project("{8BC9CEB8-8B4A-11D0-8D11-00A0C91BC942}") = "gtest", "gtest\gtest.vcxproj", "{03B26E73-DDC1-374C-A1D6-481A7578826F}"
	ProjectSection(ProjectDependencies) = postProject
		{546494D6-C079-3642-A2F1-6C148D151341} = {546494D6-C079-3642-A2F1-6C148D151341}
	EndProjectSection
EndProject
Project("{8BC9CEB8-8B4A-11D0-8D11-00A0C91BC942}") = "sample_prime_numbers", "samples\sample_prime_numbers.vcxproj", "{A20204A5-464F-34EE-99C0-54BB5BCFB608}"
	ProjectSection(ProjectDependencies) = postProject
		{546494D6-C079-3642-A2F1-6C148D151341} = {546494D6-C079-3642-A2F1-6C148D151341}
		{932F4C86-1276-3208-8EBC-B79EF4208A6F} = {932F4C86-1276-3208-8EBC-B79EF4208A6F}
	EndProjectSection
EndProject
Project("{8BC9CEB8-8B4A-11D0-8D11-00A0C91BC942}") = "set", "src\set.vcxproj", "{932F4C86-1276-3208-8EBC-B79EF4208A6F}"
	ProjectSection(ProjectDependencies) = postProject
		{546494D6-C079-3642-A2F1-6C148D151341} = {546494D6-C079-3642-A2F1-6C148D151341}
	EndProjectSection
EndProject
Project("{8BC9CEB8-8B4A-11D0-8D11-00A0C91BC942}") = "test_set", "test\test_set.vcxproj", "{6334D4F7-E527-3C25-A403-459E7374BC1F}"
	ProjectSection(ProjectDependencies) = postProject
		{546494D6-C079-3642-A2F1-6C148D151341} = {546494D6-C079-3642-A2F1-6C148D151341}
		{03B26E73-DDC1-374C-A1D6-481A7578826F} = {03B26E73-DDC1-374C-A1D6-481A7578826F}
		{932F4C86-1276-3208-8EBC-B79EF4208A6F} = {932F4C86-1276-3208-8EBC-B79EF4208A6F}
	EndProjectSection
EndProject
Global
	GlobalSection(SolutionConfigurationPlatforms) = preSolution
		Debug|Win32 = Debug|Win32
		Release|Win32 = Release|Win32
	EndGlobalSection
	GlobalSection(ProjectConfigurationPlatforms) = postSolution
		{1CCC4188-6BEC-3D08-A53A-9EC8D1B41D78}.Debug|Win32.ActiveCfg = Debug|Win32
		{1CCC4188-6BEC-3D08-A53A-9EC8D1B41D78}.Release|Win32.ActiveCfg = Release|Win32
		{546494D6-C079-3642-A2F1-6C148D151341}.Debug|Win32.ActiveCfg = Debug|Win32
		{546494D6-C079-3642-A2F1-6C148D151341}.Debug|Win32.Build.0 = Debug|Win32
		{546494D6-C079-3642-A2F1-6C148D151341}.Release|Win32.ActiveCfg = Release|Win32
		{546494D6-C079-3642-A2F1-6C148D151341}.Release|Win32.Build.0 = Release|Win32
		{03B26E73-DDC1-374C-A1D6-481A7578826F}.Debug|Win32.ActiveCfg = Debug|Win32
		{03B26E73-DDC1-374C-A1D6-481A7578826F}.Debug|Win32.Build.0 = Debug|Win32
		{03B26E73-DDC1-374C-A1D6-481A7578826F}.Release|Win32.ActiveCfg = Release|Win32
		{03B26E73-DDC1-374C-A1D6-481A7578826F}.Release|Win32.Build.0 = Release|Win32
		{A20204A5-464F-34EE-99C0-54BB5BCFB608}.Debug|Win32.ActiveCfg = Debug|Win32
		{A20204A5-464F-34EE-99C0-54BB5BCFB608}.Debug|Win32.Build.0 = Debug|Win32
		{A20204A5-464F-34EE-99C0-54BB5BCFB608}.Release|Win32.ActiveCfg = Release|Win32
		{A20204A5-464F-34EE-99C0-54BB5BCFB608}.Release|Win32.Build.0 = Release|Win32
		{932F4C86-1276-3208-8EBC-B79EF4208A6F}.Debug|Win32.ActiveCfg = Debug|Win32
		{932F4C86-1276-3208-8EBC-B79EF4208A6F}.Debug|Win32.Build.0 = Debug|Win32
		{932F4C86-1276-3208-8EBC-B79EF4208A6F}.Release|Win32.ActiveCfg = Release|Win32
		{932F4C86-1276-3208-8EBC-B79EF4208A6F}.Release|Win32.Build.0 = Release|Win32
		{6334D4F7-E527-3C25-A403-459E7374BC1F}.Debug|Win32.ActiveCfg = Debug|Win32
		{6334D4F7-E527-3C25-A403-459E7374BC1F}.Debug|Win32.Build.0 = Debug|Win32
		{6334D4F7-E527-3C25-A403-459E7374BC1F}.Release|Win32.ActiveCfg = Release|Win32
		{6334D4F7-E527-3C25-A403-459E7374BC1F}.Release|Win32.Build.0 = Release|Win32
	EndGlobalSection
	GlobalSection(ExtensibilityGlobals) = postSolution
		SolutionGuid = {FC80DE89-BA69-30C2-BDA6-E84D3B2118DD}
	EndGlobalSection
	GlobalSection(ExtensibilityAddIns) = postSolution
	EndGlobalSection
EndGlobal
