<?xml version="1.0" encoding="utf-8"?>
<Project ToolsVersion="15.0" xmlns="http://schemas.microsoft.com/developer/msbuild/2003">
  <ItemGroup>
    <CustomBuild Include="C:\Users\User\Desktop\GIT\mp2-lab1-set-1\sln\vc17\CMakeFiles\dee310ac76e1691f1845d61c1be85497\generate.stamp.rule">
      <Filter>CMake Rules</Filter>
    </CustomBuild>
  </ItemGroup>
  <ItemGroup>
    <Filter Include="CMake Rules">
      <UniqueIdentifier>{99EF2AEE-6C94-331C-BDD7-F7FD8AB269EE}</UniqueIdentifier>
    </Filter>
  </ItemGroup>
</Project>
